
Microsoft Visual Studio Solution File, Format Version 12.00
# Visual Studio Version 16
VisualStudioVersion = 16.0.29318.209
MinimumVisualStudioVersion = 10.0.40219.1
Project("{FAE04EC0-301F-11D3-BF4B-00C04F79EFBC}") = "Lab1_6", "Lab1_6.csproj", "{751CB5F4-001D-49C4-9C53-A225C9F05812}"
EndProject
Global
	GlobalSection(SolutionConfigurationPlatforms) = preSolution
		Debug|Any CPU = Debug|Any CPU
		Release|Any CPU = Release|Any CPU
	EndGlobalSection
	GlobalSection(ProjectConfigurationPlatforms) = postSolution
		{751CB5F4-001D-49C4-9C53-A225C9F05812}.Debug|Any CPU.ActiveCfg = Debug|Any CPU
		{751CB5F4-001D-49C4-9C53-A225C9F05812}.Debug|Any CPU.Build.0 = Debug|Any CPU
		{751CB5F4-001D-49C4-9C53-A225C9F05812}.Release|Any CPU.ActiveCfg = Release|Any CPU
		{751CB5F4-001D-49C4-9C53-A225C9F05812}.Release|Any CPU.Build.0 = Release|Any CPU
	EndGlobalSection
	GlobalSection(SolutionProperties) = preSolution
		HideSolutionNode = FALSE
	EndGlobalSection
	GlobalSection(ExtensibilityGlobals) = postSolution
		SolutionGuid = {8F67BB50-A5A8-44A4-9434-66876BD4BF4F}
	EndGlobalSection
EndGlobal
